<?xml version="1.0" encoding="utf-8"?>
<Project ToolsVersion="4.0" xmlns="http://schemas.microsoft.com/developer/msbuild/2003">
  <ItemGroup>
    <ClCompile Include="lab.cpp" />
    <ClCompile Include="lab2.cpp" />
    <ClCompile Include="lab3.cpp" />
    <ClCompile Include="lab4.cpp" />
    <ClCompile Include="main.cpp" />
  </ItemGroup>
</Project>